// !$*UTF8*$!
{
	archiveVersion = 1;
	classes = {
	};
	objectVersion = 50;
	objects = {

/* Begin PBXBuildFile section */
		A32FAC715FF842D5DD804ECD /* libPods-MyBudget.a in Frameworks */ = {isa = PBXBuildFile; fileRef = 30677B87A8E173A65A060121 /* libPods-MyBudget.a */; };
		A70D472623FECD2F0099D539 /* AppDelegate.swift in Sources */ = {isa = PBXBuildFile; fileRef = A70D472523FECD2F0099D539 /* AppDelegate.swift */; };
		A70D472823FECD2F0099D539 /* SceneDelegate.swift in Sources */ = {isa = PBXBuildFile; fileRef = A70D472723FECD2F0099D539 /* SceneDelegate.swift */; };
		A70D472A23FECD2F0099D539 /* LoginVC.swift in Sources */ = {isa = PBXBuildFile; fileRef = A70D472923FECD2F0099D539 /* LoginVC.swift */; };
		A70D472D23FECD2F0099D539 /* Main.storyboard in Resources */ = {isa = PBXBuildFile; fileRef = A70D472B23FECD2F0099D539 /* Main.storyboard */; };
		A70D472F23FECD300099D539 /* Assets.xcassets in Resources */ = {isa = PBXBuildFile; fileRef = A70D472E23FECD300099D539 /* Assets.xcassets */; };
		A70D473223FECD300099D539 /* LaunchScreen.storyboard in Resources */ = {isa = PBXBuildFile; fileRef = A70D473023FECD300099D539 /* LaunchScreen.storyboard */; };
		A72BE5E22405DC900056C678 /* HomeTableVC.swift in Sources */ = {isa = PBXBuildFile; fileRef = A72BE5E12405DC900056C678 /* HomeTableVC.swift */; };
		A72BE5E52405E8270056C678 /* CollectionViewCell.swift in Sources */ = {isa = PBXBuildFile; fileRef = A72BE5E32405E8270056C678 /* CollectionViewCell.swift */; };
		A72BE5E62405E8270056C678 /* CollectionViewCell.xib in Resources */ = {isa = PBXBuildFile; fileRef = A72BE5E42405E8270056C678 /* CollectionViewCell.xib */; };
		A765F05523FF02C90001DFE6 /* Wallet.swift in Sources */ = {isa = PBXBuildFile; fileRef = A765F05423FF02C90001DFE6 /* Wallet.swift */; };
		A765F05723FF1AEE0001DFE6 /* DataManager.swift in Sources */ = {isa = PBXBuildFile; fileRef = A765F05623FF1AEE0001DFE6 /* DataManager.swift */; };
		A765F05923FF1C260001DFE6 /* Income.swift in Sources */ = {isa = PBXBuildFile; fileRef = A765F05823FF1C260001DFE6 /* Income.swift */; };
		A765F05B23FF1D170001DFE6 /* Expens.swift in Sources */ = {isa = PBXBuildFile; fileRef = A765F05A23FF1D170001DFE6 /* Expens.swift */; };
		A7A10FA024018B6400FF72A3 /* HomeScreenVC.swift in Sources */ = {isa = PBXBuildFile; fileRef = A7A10F9F24018B6400FF72A3 /* HomeScreenVC.swift */; };
		A7B72DC52403C99100071BF8 /* ButtonsAppearence.swift in Sources */ = {isa = PBXBuildFile; fileRef = A7B72DC42403C99100071BF8 /* ButtonsAppearence.swift */; };
		A7B72DCE24057F9000071BF8 /* HeaderViewInSection.xib in Resources */ = {isa = PBXBuildFile; fileRef = A7B72DCD24057F9000071BF8 /* HeaderViewInSection.xib */; };
		A7B72DD12405818D00071BF8 /* HeaderViewInSection.swift in Sources */ = {isa = PBXBuildFile; fileRef = A7B72DD02405818D00071BF8 /* HeaderViewInSection.swift */; };
		A7B72DD424059FA700071BF8 /* ExtensionTabelViewForHomeScreenVC.swift in Sources */ = {isa = PBXBuildFile; fileRef = A7B72DD324059FA700071BF8 /* ExtensionTabelViewForHomeScreenVC.swift */; };
		A7F1938023FECF4A00A2901F /* MainTabBarController.swift in Sources */ = {isa = PBXBuildFile; fileRef = A7F1937F23FECF4A00A2901F /* MainTabBarController.swift */; };
		A7F1938223FECF8400A2901F /* UserData.swift in Sources */ = {isa = PBXBuildFile; fileRef = A7F1938123FECF8400A2901F /* UserData.swift */; };
		A7F396C42405ED7400032314 /* ExtensionCollectionView + HomeTableVC.swift in Sources */ = {isa = PBXBuildFile; fileRef = A7F396C32405ED7400032314 /* ExtensionCollectionView + HomeTableVC.swift */; };
/* End PBXBuildFile section */

/* Begin PBXFileReference section */
		11DB112F0F7F801B7C56D795 /* Pods-MyBudget.debug.xcconfig */ = {isa = PBXFileReference; includeInIndex = 1; lastKnownFileType = text.xcconfig; name = "Pods-MyBudget.debug.xcconfig"; path = "Target Support Files/Pods-MyBudget/Pods-MyBudget.debug.xcconfig"; sourceTree = "<group>"; };
		30677B87A8E173A65A060121 /* libPods-MyBudget.a */ = {isa = PBXFileReference; explicitFileType = archive.ar; includeInIndex = 0; path = "libPods-MyBudget.a"; sourceTree = BUILT_PRODUCTS_DIR; };
		3102086382697E11CF9EA5BF /* Pods-MyBudget.release.xcconfig */ = {isa = PBXFileReference; includeInIndex = 1; lastKnownFileType = text.xcconfig; name = "Pods-MyBudget.release.xcconfig"; path = "Target Support Files/Pods-MyBudget/Pods-MyBudget.release.xcconfig"; sourceTree = "<group>"; };
		A70D472223FECD2F0099D539 /* MyBudget.app */ = {isa = PBXFileReference; explicitFileType = wrapper.application; includeInIndex = 0; path = MyBudget.app; sourceTree = BUILT_PRODUCTS_DIR; };
		A70D472523FECD2F0099D539 /* AppDelegate.swift */ = {isa = PBXFileReference; lastKnownFileType = sourcecode.swift; path = AppDelegate.swift; sourceTree = "<group>"; };
		A70D472723FECD2F0099D539 /* SceneDelegate.swift */ = {isa = PBXFileReference; lastKnownFileType = sourcecode.swift; path = SceneDelegate.swift; sourceTree = "<group>"; };
		A70D472923FECD2F0099D539 /* LoginVC.swift */ = {isa = PBXFileReference; lastKnownFileType = sourcecode.swift; path = LoginVC.swift; sourceTree = "<group>"; };
		A70D472C23FECD2F0099D539 /* Base */ = {isa = PBXFileReference; lastKnownFileType = file.storyboard; name = Base; path = Base.lproj/Main.storyboard; sourceTree = "<group>"; };
		A70D472E23FECD300099D539 /* Assets.xcassets */ = {isa = PBXFileReference; lastKnownFileType = folder.assetcatalog; path = Assets.xcassets; sourceTree = "<group>"; };
		A70D473123FECD300099D539 /* Base */ = {isa = PBXFileReference; lastKnownFileType = file.storyboard; name = Base; path = Base.lproj/LaunchScreen.storyboard; sourceTree = "<group>"; };
		A70D473323FECD300099D539 /* Info.plist */ = {isa = PBXFileReference; lastKnownFileType = text.plist.xml; path = Info.plist; sourceTree = "<group>"; };
		A72BE5E12405DC900056C678 /* HomeTableVC.swift */ = {isa = PBXFileReference; lastKnownFileType = sourcecode.swift; path = HomeTableVC.swift; sourceTree = "<group>"; };
		A72BE5E32405E8270056C678 /* CollectionViewCell.swift */ = {isa = PBXFileReference; lastKnownFileType = sourcecode.swift; path = CollectionViewCell.swift; sourceTree = "<group>"; };
		A72BE5E42405E8270056C678 /* CollectionViewCell.xib */ = {isa = PBXFileReference; lastKnownFileType = file.xib; path = CollectionViewCell.xib; sourceTree = "<group>"; };
		A765F05423FF02C90001DFE6 /* Wallet.swift */ = {isa = PBXFileReference; lastKnownFileType = sourcecode.swift; path = Wallet.swift; sourceTree = "<group>"; };
		A765F05623FF1AEE0001DFE6 /* DataManager.swift */ = {isa = PBXFileReference; lastKnownFileType = sourcecode.swift; path = DataManager.swift; sourceTree = "<group>"; };
		A765F05823FF1C260001DFE6 /* Income.swift */ = {isa = PBXFileReference; lastKnownFileType = sourcecode.swift; path = Income.swift; sourceTree = "<group>"; };
		A765F05A23FF1D170001DFE6 /* Expens.swift */ = {isa = PBXFileReference; lastKnownFileType = sourcecode.swift; path = Expens.swift; sourceTree = "<group>"; };
		A7A10F9F24018B6400FF72A3 /* HomeScreenVC.swift */ = {isa = PBXFileReference; lastKnownFileType = sourcecode.swift; path = HomeScreenVC.swift; sourceTree = "<group>"; };
		A7B72DC42403C99100071BF8 /* ButtonsAppearence.swift */ = {isa = PBXFileReference; lastKnownFileType = sourcecode.swift; path = ButtonsAppearence.swift; sourceTree = "<group>"; };
		A7B72DCD24057F9000071BF8 /* HeaderViewInSection.xib */ = {isa = PBXFileReference; lastKnownFileType = file.xib; path = HeaderViewInSection.xib; sourceTree = "<group>"; };
		A7B72DD02405818D00071BF8 /* HeaderViewInSection.swift */ = {isa = PBXFileReference; lastKnownFileType = sourcecode.swift; path = HeaderViewInSection.swift; sourceTree = "<group>"; };
		A7B72DD324059FA700071BF8 /* ExtensionTabelViewForHomeScreenVC.swift */ = {isa = PBXFileReference; lastKnownFileType = sourcecode.swift; path = ExtensionTabelViewForHomeScreenVC.swift; sourceTree = "<group>"; };
		A7F1937F23FECF4A00A2901F /* MainTabBarController.swift */ = {isa = PBXFileReference; lastKnownFileType = sourcecode.swift; path = MainTabBarController.swift; sourceTree = "<group>"; };
		A7F1938123FECF8400A2901F /* UserData.swift */ = {isa = PBXFileReference; lastKnownFileType = sourcecode.swift; path = UserData.swift; sourceTree = "<group>"; };
		A7F396C32405ED7400032314 /* ExtensionCollectionView + HomeTableVC.swift */ = {isa = PBXFileReference; lastKnownFileType = sourcecode.swift; path = "ExtensionCollectionView + HomeTableVC.swift"; sourceTree = "<group>"; };
/* End PBXFileReference section */

/* Begin PBXFrameworksBuildPhase section */
		A70D471F23FECD2F0099D539 /* Frameworks */ = {
			isa = PBXFrameworksBuildPhase;
			buildActionMask = 2147483647;
			files = (
				A32FAC715FF842D5DD804ECD /* libPods-MyBudget.a in Frameworks */,
			);
			runOnlyForDeploymentPostprocessing = 0;
		};
/* End PBXFrameworksBuildPhase section */

/* Begin PBXGroup section */
		3A9BAA925458CBFD42509126 /* Frameworks */ = {
			isa = PBXGroup;
			children = (
				30677B87A8E173A65A060121 /* libPods-MyBudget.a */,
			);
			name = Frameworks;
			sourceTree = "<group>";
		};
		A70D471923FECD2F0099D539 = {
			isa = PBXGroup;
			children = (
				A70D472423FECD2F0099D539 /* MyBudget */,
				A70D472323FECD2F0099D539 /* Products */,
				C9D4CD3A9C86A48019342D70 /* Pods */,
				3A9BAA925458CBFD42509126 /* Frameworks */,
			);
			sourceTree = "<group>";
		};
		A70D472323FECD2F0099D539 /* Products */ = {
			isa = PBXGroup;
			children = (
				A70D472223FECD2F0099D539 /* MyBudget.app */,
			);
			name = Products;
			sourceTree = "<group>";
		};
		A70D472423FECD2F0099D539 /* MyBudget */ = {
			isa = PBXGroup;
			children = (
				A7B72DD224059F6E00071BF8 /* Extesnsions */,
				A7F1937C23FECEB700A2901F /* ViewControllers */,
				A7B72DCF24057FBE00071BF8 /* Views */,
				A7F1938323FECF9100A2901F /* Model */,
				A7F1937E23FECED900A2901F /* Storyboards */,
				A7F1937D23FECEC700A2901F /* Supporting Files */,
				A70D472E23FECD300099D539 /* Assets.xcassets */,
				A70D473323FECD300099D539 /* Info.plist */,
			);
			path = MyBudget;
			sourceTree = "<group>";
		};
		A72BE5D92405CFA10056C678 /* HeaderSectionHomeScreen */ = {
			isa = PBXGroup;
			children = (
				A7B72DD02405818D00071BF8 /* HeaderViewInSection.swift */,
				A7B72DCD24057F9000071BF8 /* HeaderViewInSection.xib */,
			);
			path = HeaderSectionHomeScreen;
			sourceTree = "<group>";
		};
		A72BE5DA2405CFB10056C678 /* ViewCollectionCellHomeScreen */ = {
			isa = PBXGroup;
			children = (
				A72BE5E32405E8270056C678 /* CollectionViewCell.swift */,
				A72BE5E42405E8270056C678 /* CollectionViewCell.xib */,
			);
			path = ViewCollectionCellHomeScreen;
			sourceTree = "<group>";
		};
		A7B72DCF24057FBE00071BF8 /* Views */ = {
			isa = PBXGroup;
			children = (
				A72BE5DA2405CFB10056C678 /* ViewCollectionCellHomeScreen */,
				A72BE5D92405CFA10056C678 /* HeaderSectionHomeScreen */,
			);
			path = Views;
			sourceTree = "<group>";
		};
		A7B72DD224059F6E00071BF8 /* Extesnsions */ = {
			isa = PBXGroup;
			children = (
				A7B72DD324059FA700071BF8 /* ExtensionTabelViewForHomeScreenVC.swift */,
				A7F396C32405ED7400032314 /* ExtensionCollectionView + HomeTableVC.swift */,
			);
			path = Extesnsions;
			sourceTree = "<group>";
		};
		A7F1937C23FECEB700A2901F /* ViewControllers */ = {
			isa = PBXGroup;
			children = (
				A7F1937F23FECF4A00A2901F /* MainTabBarController.swift */,
				A70D472923FECD2F0099D539 /* LoginVC.swift */,
				A7A10F9F24018B6400FF72A3 /* HomeScreenVC.swift */,
				A72BE5E12405DC900056C678 /* HomeTableVC.swift */,
			);
			path = ViewControllers;
			sourceTree = "<group>";
		};
		A7F1937D23FECEC700A2901F /* Supporting Files */ = {
			isa = PBXGroup;
			children = (
				A70D472723FECD2F0099D539 /* SceneDelegate.swift */,
				A70D472523FECD2F0099D539 /* AppDelegate.swift */,
				A7B72DC42403C99100071BF8 /* ButtonsAppearence.swift */,
			);
			path = "Supporting Files";
			sourceTree = "<group>";
		};
		A7F1937E23FECED900A2901F /* Storyboards */ = {
			isa = PBXGroup;
			children = (
				A70D472B23FECD2F0099D539 /* Main.storyboard */,
				A70D473023FECD300099D539 /* LaunchScreen.storyboard */,
			);
			path = Storyboards;
			sourceTree = "<group>";
		};
		A7F1938323FECF9100A2901F /* Model */ = {
			isa = PBXGroup;
			children = (
				A7F1938123FECF8400A2901F /* UserData.swift */,
				A765F05423FF02C90001DFE6 /* Wallet.swift */,
				A765F05823FF1C260001DFE6 /* Income.swift */,
				A765F05A23FF1D170001DFE6 /* Expens.swift */,
				A765F05623FF1AEE0001DFE6 /* DataManager.swift */,
			);
			path = Model;
			sourceTree = "<group>";
		};
		C9D4CD3A9C86A48019342D70 /* Pods */ = {
			isa = PBXGroup;
			children = (
				11DB112F0F7F801B7C56D795 /* Pods-MyBudget.debug.xcconfig */,
				3102086382697E11CF9EA5BF /* Pods-MyBudget.release.xcconfig */,
			);
			path = Pods;
			sourceTree = "<group>";
		};
/* End PBXGroup section */

/* Begin PBXNativeTarget section */
		A70D472123FECD2F0099D539 /* MyBudget */ = {
			isa = PBXNativeTarget;
			buildConfigurationList = A70D473623FECD300099D539 /* Build configuration list for PBXNativeTarget "MyBudget" */;
			buildPhases = (
				C785B770734F3ACDE1DB680A /* [CP] Check Pods Manifest.lock */,
				A70D471E23FECD2F0099D539 /* Sources */,
				A70D471F23FECD2F0099D539 /* Frameworks */,
				A70D472023FECD2F0099D539 /* Resources */,
			);
			buildRules = (
			);
			dependencies = (
			);
			name = MyBudget;
			productName = MyBudget;
			productReference = A70D472223FECD2F0099D539 /* MyBudget.app */;
			productType = "com.apple.product-type.application";
		};
/* End PBXNativeTarget section */

/* Begin PBXProject section */
		A70D471A23FECD2F0099D539 /* Project object */ = {
			isa = PBXProject;
			attributes = {
				LastSwiftUpdateCheck = 1130;
				LastUpgradeCheck = 1130;
				ORGANIZATIONNAME = "Rostislav Grishin";
				TargetAttributes = {
					A70D472123FECD2F0099D539 = {
						CreatedOnToolsVersion = 11.3.1;
					};
				};
			};
			buildConfigurationList = A70D471D23FECD2F0099D539 /* Build configuration list for PBXProject "MyBudget" */;
			compatibilityVersion = "Xcode 9.3";
			developmentRegion = en;
			hasScannedForEncodings = 0;
			knownRegions = (
				en,
				Base,
			);
			mainGroup = A70D471923FECD2F0099D539;
			productRefGroup = A70D472323FECD2F0099D539 /* Products */;
			projectDirPath = "";
			projectRoot = "";
			targets = (
				A70D472123FECD2F0099D539 /* MyBudget */,
			);
		};
/* End PBXProject section */

/* Begin PBXResourcesBuildPhase section */
		A70D472023FECD2F0099D539 /* Resources */ = {
			isa = PBXResourcesBuildPhase;
			buildActionMask = 2147483647;
			files = (
				A7B72DCE24057F9000071BF8 /* HeaderViewInSection.xib in Resources */,
				A70D473223FECD300099D539 /* LaunchScreen.storyboard in Resources */,
				A70D472F23FECD300099D539 /* Assets.xcassets in Resources */,
				A70D472D23FECD2F0099D539 /* Main.storyboard in Resources */,
				A72BE5E62405E8270056C678 /* CollectionViewCell.xib in Resources */,
			);
			runOnlyForDeploymentPostprocessing = 0;
		};
/* End PBXResourcesBuildPhase section */

/* Begin PBXShellScriptBuildPhase section */
		C785B770734F3ACDE1DB680A /* [CP] Check Pods Manifest.lock */ = {
			isa = PBXShellScriptBuildPhase;
			buildActionMask = 2147483647;
			files = (
			);
			inputFileListPaths = (
			);
			inputPaths = (
				"${PODS_PODFILE_DIR_PATH}/Podfile.lock",
				"${PODS_ROOT}/Manifest.lock",
			);
			name = "[CP] Check Pods Manifest.lock";
			outputFileListPaths = (
			);
			outputPaths = (
				"$(DERIVED_FILE_DIR)/Pods-MyBudget-checkManifestLockResult.txt",
			);
			runOnlyForDeploymentPostprocessing = 0;
			shellPath = /bin/sh;
			shellScript = "diff \"${PODS_PODFILE_DIR_PATH}/Podfile.lock\" \"${PODS_ROOT}/Manifest.lock\" > /dev/null\nif [ $? != 0 ] ; then\n    # print error to STDERR\n    echo \"error: The sandbox is not in sync with the Podfile.lock. Run 'pod install' or update your CocoaPods installation.\" >&2\n    exit 1\nfi\n# This output is used by Xcode 'outputs' to avoid re-running this script phase.\necho \"SUCCESS\" > \"${SCRIPT_OUTPUT_FILE_0}\"\n";
			showEnvVarsInLog = 0;
		};
/* End PBXShellScriptBuildPhase section */

/* Begin PBXSourcesBuildPhase section */
		A70D471E23FECD2F0099D539 /* Sources */ = {
			isa = PBXSourcesBuildPhase;
			buildActionMask = 2147483647;
			files = (
				A765F05523FF02C90001DFE6 /* Wallet.swift in Sources */,
				A70D472A23FECD2F0099D539 /* LoginVC.swift in Sources */,
				A765F05923FF1C260001DFE6 /* Income.swift in Sources */,
				A7A10FA024018B6400FF72A3 /* HomeScreenVC.swift in Sources */,
				A72BE5E22405DC900056C678 /* HomeTableVC.swift in Sources */,
				A72BE5E52405E8270056C678 /* CollectionViewCell.swift in Sources */,
				A70D472623FECD2F0099D539 /* AppDelegate.swift in Sources */,
				A7B72DD424059FA700071BF8 /* ExtensionTabelViewForHomeScreenVC.swift in Sources */,
				A765F05B23FF1D170001DFE6 /* Expens.swift in Sources */,
				A765F05723FF1AEE0001DFE6 /* DataManager.swift in Sources */,
				A7F1938023FECF4A00A2901F /* MainTabBarController.swift in Sources */,
				A7F1938223FECF8400A2901F /* UserData.swift in Sources */,
				A7B72DC52403C99100071BF8 /* ButtonsAppearence.swift in Sources */,
				A70D472823FECD2F0099D539 /* SceneDelegate.swift in Sources */,
				A7B72DD12405818D00071BF8 /* HeaderViewInSection.swift in Sources */,
				A7F396C42405ED7400032314 /* ExtensionCollectionView + HomeTableVC.swift in Sources */,
			);
			runOnlyForDeploymentPostprocessing = 0;
		};
/* End PBXSourcesBuildPhase section */

/* Begin PBXVariantGroup section */
		A70D472B23FECD2F0099D539 /* Main.storyboard */ = {
			isa = PBXVariantGroup;
			children = (
				A70D472C23FECD2F0099D539 /* Base */,
			);
			name = Main.storyboard;
			sourceTree = "<group>";
		};
		A70D473023FECD300099D539 /* LaunchScreen.storyboard */ = {
			isa = PBXVariantGroup;
			children = (
				A70D473123FECD300099D539 /* Base */,
			);
			name = LaunchScreen.storyboard;
			sourceTree = "<group>";
		};
/* End PBXVariantGroup section */

/* Begin XCBuildConfiguration section */
		A70D473423FECD300099D539 /* Debug */ = {
			isa = XCBuildConfiguration;
			buildSettings = {
				ALWAYS_SEARCH_USER_PATHS = NO;
				CLANG_ANALYZER_NONNULL = YES;
				CLANG_ANALYZER_NUMBER_OBJECT_CONVERSION = YES_AGGRESSIVE;
				CLANG_CXX_LANGUAGE_STANDARD = "gnu++14";
				CLANG_CXX_LIBRARY = "libc++";
				CLANG_ENABLE_MODULES = YES;
				CLANG_ENABLE_OBJC_ARC = YES;
				CLANG_ENABLE_OBJC_WEAK = YES;
				CLANG_WARN_BLOCK_CAPTURE_AUTORELEASING = YES;
				CLANG_WARN_BOOL_CONVERSION = YES;
				CLANG_WARN_COMMA = YES;
				CLANG_WARN_CONSTANT_CONVERSION = YES;
				CLANG_WARN_DEPRECATED_OBJC_IMPLEMENTATIONS = YES;
				CLANG_WARN_DIRECT_OBJC_ISA_USAGE = YES_ERROR;
				CLANG_WARN_DOCUMENTATION_COMMENTS = YES;
				CLANG_WARN_EMPTY_BODY = YES;
				CLANG_WARN_ENUM_CONVERSION = YES;
				CLANG_WARN_INFINITE_RECURSION = YES;
				CLANG_WARN_INT_CONVERSION = YES;
				CLANG_WARN_NON_LITERAL_NULL_CONVERSION = YES;
				CLANG_WARN_OBJC_IMPLICIT_RETAIN_SELF = YES;
				CLANG_WARN_OBJC_LITERAL_CONVERSION = YES;
				CLANG_WARN_OBJC_ROOT_CLASS = YES_ERROR;
				CLANG_WARN_RANGE_LOOP_ANALYSIS = YES;
				CLANG_WARN_STRICT_PROTOTYPES = YES;
				CLANG_WARN_SUSPICIOUS_MOVE = YES;
				CLANG_WARN_UNGUARDED_AVAILABILITY = YES_AGGRESSIVE;
				CLANG_WARN_UNREACHABLE_CODE = YES;
				CLANG_WARN__DUPLICATE_METHOD_MATCH = YES;
				COPY_PHASE_STRIP = NO;
				DEBUG_INFORMATION_FORMAT = dwarf;
				ENABLE_STRICT_OBJC_MSGSEND = YES;
				ENABLE_TESTABILITY = YES;
				GCC_C_LANGUAGE_STANDARD = gnu11;
				GCC_DYNAMIC_NO_PIC = NO;
				GCC_NO_COMMON_BLOCKS = YES;
				GCC_OPTIMIZATION_LEVEL = 0;
				GCC_PREPROCESSOR_DEFINITIONS = (
					"DEBUG=1",
					"$(inherited)",
				);
				GCC_WARN_64_TO_32_BIT_CONVERSION = YES;
				GCC_WARN_ABOUT_RETURN_TYPE = YES_ERROR;
				GCC_WARN_UNDECLARED_SELECTOR = YES;
				GCC_WARN_UNINITIALIZED_AUTOS = YES_AGGRESSIVE;
				GCC_WARN_UNUSED_FUNCTION = YES;
				GCC_WARN_UNUSED_VARIABLE = YES;
				IPHONEOS_DEPLOYMENT_TARGET = 13.2;
				MTL_ENABLE_DEBUG_INFO = INCLUDE_SOURCE;
				MTL_FAST_MATH = YES;
				ONLY_ACTIVE_ARCH = YES;
				SDKROOT = iphoneos;
				SWIFT_ACTIVE_COMPILATION_CONDITIONS = DEBUG;
				SWIFT_OPTIMIZATION_LEVEL = "-Onone";
			};
			name = Debug;
		};
		A70D473523FECD300099D539 /* Release */ = {
			isa = XCBuildConfiguration;
			buildSettings = {
				ALWAYS_SEARCH_USER_PATHS = NO;
				CLANG_ANALYZER_NONNULL = YES;
				CLANG_ANALYZER_NUMBER_OBJECT_CONVERSION = YES_AGGRESSIVE;
				CLANG_CXX_LANGUAGE_STANDARD = "gnu++14";
				CLANG_CXX_LIBRARY = "libc++";
				CLANG_ENABLE_MODULES = YES;
				CLANG_ENABLE_OBJC_ARC = YES;
				CLANG_ENABLE_OBJC_WEAK = YES;
				CLANG_WARN_BLOCK_CAPTURE_AUTORELEASING = YES;
				CLANG_WARN_BOOL_CONVERSION = YES;
				CLANG_WARN_COMMA = YES;
				CLANG_WARN_CONSTANT_CONVERSION = YES;
				CLANG_WARN_DEPRECATED_OBJC_IMPLEMENTATIONS = YES;
				CLANG_WARN_DIRECT_OBJC_ISA_USAGE = YES_ERROR;
				CLANG_WARN_DOCUMENTATION_COMMENTS = YES;
				CLANG_WARN_EMPTY_BODY = YES;
				CLANG_WARN_ENUM_CONVERSION = YES;
				CLANG_WARN_INFINITE_RECURSION = YES;
				CLANG_WARN_INT_CONVERSION = YES;
				CLANG_WARN_NON_LITERAL_NULL_CONVERSION = YES;
				CLANG_WARN_OBJC_IMPLICIT_RETAIN_SELF = YES;
				CLANG_WARN_OBJC_LITERAL_CONVERSION = YES;
				CLANG_WARN_OBJC_ROOT_CLASS = YES_ERROR;
				CLANG_WARN_RANGE_LOOP_ANALYSIS = YES;
				CLANG_WARN_STRICT_PROTOTYPES = YES;
				CLANG_WARN_SUSPICIOUS_MOVE = YES;
				CLANG_WARN_UNGUARDED_AVAILABILITY = YES_AGGRESSIVE;
				CLANG_WARN_UNREACHABLE_CODE = YES;
				CLANG_WARN__DUPLICATE_METHOD_MATCH = YES;
				COPY_PHASE_STRIP = NO;
				DEBUG_INFORMATION_FORMAT = "dwarf-with-dsym";
				ENABLE_NS_ASSERTIONS = NO;
				ENABLE_STRICT_OBJC_MSGSEND = YES;
				GCC_C_LANGUAGE_STANDARD = gnu11;
				GCC_NO_COMMON_BLOCKS = YES;
				GCC_WARN_64_TO_32_BIT_CONVERSION = YES;
				GCC_WARN_ABOUT_RETURN_TYPE = YES_ERROR;
				GCC_WARN_UNDECLARED_SELECTOR = YES;
				GCC_WARN_UNINITIALIZED_AUTOS = YES_AGGRESSIVE;
				GCC_WARN_UNUSED_FUNCTION = YES;
				GCC_WARN_UNUSED_VARIABLE = YES;
				IPHONEOS_DEPLOYMENT_TARGET = 13.2;
				MTL_ENABLE_DEBUG_INFO = NO;
				MTL_FAST_MATH = YES;
				SDKROOT = iphoneos;
				SWIFT_COMPILATION_MODE = wholemodule;
				SWIFT_OPTIMIZATION_LEVEL = "-O";
				VALIDATE_PRODUCT = YES;
			};
			name = Release;
		};
		A70D473723FECD300099D539 /* Debug */ = {
			isa = XCBuildConfiguration;
			baseConfigurationReference = 11DB112F0F7F801B7C56D795 /* Pods-MyBudget.debug.xcconfig */;
			buildSettings = {
				ASSETCATALOG_COMPILER_APPICON_NAME = AppIcon;
				CODE_SIGN_STYLE = Automatic;
				DEVELOPMENT_TEAM = Z9ZFSXKG89;
				INFOPLIST_FILE = MyBudget/Info.plist;
				LD_RUNPATH_SEARCH_PATHS = (
					"$(inherited)",
					"@executable_path/Frameworks",
				);
				PRODUCT_BUNDLE_IDENTIFIER = gr.rost.MyBudget;
				PRODUCT_NAME = "$(TARGET_NAME)";
				SWIFT_VERSION = 5.0;
				TARGETED_DEVICE_FAMILY = "1,2";
			};
			name = Debug;
		};
		A70D473823FECD300099D539 /* Release */ = {
			isa = XCBuildConfiguration;
			baseConfigurationReference = 3102086382697E11CF9EA5BF /* Pods-MyBudget.release.xcconfig */;
			buildSettings = {
				ASSETCATALOG_COMPILER_APPICON_NAME = AppIcon;
				CODE_SIGN_STYLE = Automatic;
				DEVELOPMENT_TEAM = Z9ZFSXKG89;
				INFOPLIST_FILE = MyBudget/Info.plist;
				LD_RUNPATH_SEARCH_PATHS = (
					"$(inherited)",
					"@executable_path/Frameworks",
				);
				PRODUCT_BUNDLE_IDENTIFIER = gr.rost.MyBudget;
				PRODUCT_NAME = "$(TARGET_NAME)";
				SWIFT_VERSION = 5.0;
				TARGETED_DEVICE_FAMILY = "1,2";
			};
			name = Release;
		};
/* End XCBuildConfiguration section */

/* Begin XCConfigurationList section */
		A70D471D23FECD2F0099D539 /* Build configuration list for PBXProject "MyBudget" */ = {
			isa = XCConfigurationList;
			buildConfigurations = (
				A70D473423FECD300099D539 /* Debug */,
				A70D473523FECD300099D539 /* Release */,
			);
			defaultConfigurationIsVisible = 0;
			defaultConfigurationName = Release;
		};
		A70D473623FECD300099D539 /* Build configuration list for PBXNativeTarget "MyBudget" */ = {
			isa = XCConfigurationList;
			buildConfigurations = (
				A70D473723FECD300099D539 /* Debug */,
				A70D473823FECD300099D539 /* Release */,
			);
			defaultConfigurationIsVisible = 0;
			defaultConfigurationName = Release;
		};
/* End XCConfigurationList section */
	};
	rootObject = A70D471A23FECD2F0099D539 /* Project object */;
}
